
Microsoft Visual Studio Solution File, Format Version 12.00
# Visual Studio 15
VisualStudioVersion = 15.0.27703.2035
MinimumVisualStudioVersion = 10.0.40219.1
Project("{9A19103F-16F7-4668-BE54-9A1E7A4F7556}") = "System.Net.Json", "System.Net.Json.csproj", "{71026F34-8BB3-494D-B7F1-C16B7B65975E}"
EndProject
Global
	GlobalSection(SolutionConfigurationPlatforms) = preSolution
		Debug|Any CPU = Debug|Any CPU
		Release|Any CPU = Release|Any CPU
	EndGlobalSection
	GlobalSection(ProjectConfigurationPlatforms) = postSolution
		{71026F34-8BB3-494D-B7F1-C16B7B65975E}.Debug|Any CPU.ActiveCfg = Debug|Any CPU
		{71026F34-8BB3-494D-B7F1-C16B7B65975E}.Debug|Any CPU.Build.0 = Debug|Any CPU
		{71026F34-8BB3-494D-B7F1-C16B7B65975E}.Release|Any CPU.ActiveCfg = Release|Any CPU
		{71026F34-8BB3-494D-B7F1-C16B7B65975E}.Release|Any CPU.Build.0 = Release|Any CPU
	EndGlobalSection
	GlobalSection(SolutionProperties) = preSolution
		HideSolutionNode = FALSE
	EndGlobalSection
	GlobalSection(ExtensibilityGlobals) = postSolution
		SolutionGuid = {BD34B78B-3223-4CAA-9A9F-70C412695589}
	EndGlobalSection
EndGlobal
